
Microsoft Visual Studio Solution File, Format Version 12.00
# Visual Studio Version 16
VisualStudioVersion = 16.0.29512.175
MinimumVisualStudioVersion = 10.0.40219.1
Project("{FAE04EC0-301F-11D3-BF4B-00C04F79EFBC}") = "SpaceInvaders", "SpaceInvaders.csproj", "{6EA2E8B6-C229-4F31-81C4-1E253D294FF0}"
EndProject
Global
	GlobalSection(SolutionConfigurationPlatforms) = preSolution
		Debug|Any CPU = Debug|Any CPU
		Release|Any CPU = Release|Any CPU
	EndGlobalSection
	GlobalSection(ProjectConfigurationPlatforms) = postSolution
		{6EA2E8B6-C229-4F31-81C4-1E253D294FF0}.Debug|Any CPU.ActiveCfg = Debug|Any CPU
		{6EA2E8B6-C229-4F31-81C4-1E253D294FF0}.Debug|Any CPU.Build.0 = Debug|Any CPU
		{6EA2E8B6-C229-4F31-81C4-1E253D294FF0}.Release|Any CPU.ActiveCfg = Release|Any CPU
		{6EA2E8B6-C229-4F31-81C4-1E253D294FF0}.Release|Any CPU.Build.0 = Release|Any CPU
	EndGlobalSection
	GlobalSection(SolutionProperties) = preSolution
		HideSolutionNode = FALSE
	EndGlobalSection
	GlobalSection(ExtensibilityGlobals) = postSolution
		SolutionGuid = {77A1A7D8-5D24-45F8-9E23-E2A97DCD6B9B}
	EndGlobalSection
EndGlobal
